// !$*UTF8*$!
{
	archiveVersion = 1;
	classes = {
	};
	objectVersion = 56;
	objects = {

/* Begin PBXBuildFile section */
		2428B05729B4174E00551577 /* DataService.swift in Sources */ = {isa = PBXBuildFile; fileRef = 2428B05629B4174E00551577 /* DataService.swift */; };
		2428B06129B65F1600551577 /* RecipeDetailView.swift in Sources */ = {isa = PBXBuildFile; fileRef = 2428B06029B65F1600551577 /* RecipeDetailView.swift */; };
		24358F5829B40DB100A4ABA7 /* Recipe_ListApp.swift in Sources */ = {isa = PBXBuildFile; fileRef = 24358F5729B40DB100A4ABA7 /* Recipe_ListApp.swift */; };
		24358F5A29B40DB100A4ABA7 /* RecipeListView.swift in Sources */ = {isa = PBXBuildFile; fileRef = 24358F5929B40DB100A4ABA7 /* RecipeListView.swift */; };
		24358F5C29B40DB300A4ABA7 /* Assets.xcassets in Resources */ = {isa = PBXBuildFile; fileRef = 24358F5B29B40DB300A4ABA7 /* Assets.xcassets */; };
		24358F5F29B40DB300A4ABA7 /* Preview Assets.xcassets in Resources */ = {isa = PBXBuildFile; fileRef = 24358F5E29B40DB300A4ABA7 /* Preview Assets.xcassets */; };
		24358F6B29B40FA900A4ABA7 /* recipes.json in Resources */ = {isa = PBXBuildFile; fileRef = 24358F6A29B40FA900A4ABA7 /* recipes.json */; };
		24358F6D29B4100A00A4ABA7 /* Recipe.swift in Sources */ = {isa = PBXBuildFile; fileRef = 24358F6C29B4100A00A4ABA7 /* Recipe.swift */; };
		24358F6F29B414F700A4ABA7 /* RecipeModel.swift in Sources */ = {isa = PBXBuildFile; fileRef = 24358F6E29B414F700A4ABA7 /* RecipeModel.swift */; };
		244D245529BAA69E004C00BD /* RecipeTabView.swift in Sources */ = {isa = PBXBuildFile; fileRef = 244D245429BAA69E004C00BD /* RecipeTabView.swift */; };
/* End PBXBuildFile section */

/* Begin PBXFileReference section */
		2428B05629B4174E00551577 /* DataService.swift */ = {isa = PBXFileReference; lastKnownFileType = sourcecode.swift; path = DataService.swift; sourceTree = "<group>"; };
		2428B06029B65F1600551577 /* RecipeDetailView.swift */ = {isa = PBXFileReference; lastKnownFileType = sourcecode.swift; path = RecipeDetailView.swift; sourceTree = "<group>"; wrapsLines = 1; };
		24358F5429B40DB100A4ABA7 /* Recipe List.app */ = {isa = PBXFileReference; explicitFileType = wrapper.application; includeInIndex = 0; path = "Recipe List.app"; sourceTree = BUILT_PRODUCTS_DIR; };
		24358F5729B40DB100A4ABA7 /* Recipe_ListApp.swift */ = {isa = PBXFileReference; lastKnownFileType = sourcecode.swift; path = Recipe_ListApp.swift; sourceTree = "<group>"; };
		24358F5929B40DB100A4ABA7 /* RecipeListView.swift */ = {isa = PBXFileReference; lastKnownFileType = sourcecode.swift; path = RecipeListView.swift; sourceTree = "<group>"; };
		24358F5B29B40DB300A4ABA7 /* Assets.xcassets */ = {isa = PBXFileReference; lastKnownFileType = folder.assetcatalog; path = Assets.xcassets; sourceTree = "<group>"; };
		24358F5E29B40DB300A4ABA7 /* Preview Assets.xcassets */ = {isa = PBXFileReference; lastKnownFileType = folder.assetcatalog; path = "Preview Assets.xcassets"; sourceTree = "<group>"; };
		24358F6A29B40FA900A4ABA7 /* recipes.json */ = {isa = PBXFileReference; fileEncoding = 4; lastKnownFileType = text.json; path = recipes.json; sourceTree = "<group>"; };
		24358F6C29B4100A00A4ABA7 /* Recipe.swift */ = {isa = PBXFileReference; lastKnownFileType = sourcecode.swift; path = Recipe.swift; sourceTree = "<group>"; };
		24358F6E29B414F700A4ABA7 /* RecipeModel.swift */ = {isa = PBXFileReference; lastKnownFileType = sourcecode.swift; path = RecipeModel.swift; sourceTree = "<group>"; };
		244D245429BAA69E004C00BD /* RecipeTabView.swift */ = {isa = PBXFileReference; lastKnownFileType = sourcecode.swift; path = RecipeTabView.swift; sourceTree = "<group>"; };
/* End PBXFileReference section */

/* Begin PBXFrameworksBuildPhase section */
		24358F5129B40DB100A4ABA7 /* Frameworks */ = {
			isa = PBXFrameworksBuildPhase;
			buildActionMask = 2147483647;
			files = (
			);
			runOnlyForDeploymentPostprocessing = 0;
		};
/* End PBXFrameworksBuildPhase section */

/* Begin PBXGroup section */
		24358F4B29B40DB100A4ABA7 = {
			isa = PBXGroup;
			children = (
				24358F5629B40DB100A4ABA7 /* Recipe List */,
				24358F5529B40DB100A4ABA7 /* Products */,
			);
			sourceTree = "<group>";
		};
		24358F5529B40DB100A4ABA7 /* Products */ = {
			isa = PBXGroup;
			children = (
				24358F5429B40DB100A4ABA7 /* Recipe List.app */,
			);
			name = Products;
			sourceTree = "<group>";
		};
		24358F5629B40DB100A4ABA7 /* Recipe List */ = {
			isa = PBXGroup;
			children = (
				24358F6529B40DF800A4ABA7 /* Views */,
				24358F6929B40E1900A4ABA7 /* Services */,
				24358F6829B40E1100A4ABA7 /* ViewModels */,
				24358F6729B40E0700A4ABA7 /* Data */,
				24358F6629B40E0000A4ABA7 /* Models */,
				24358F5729B40DB100A4ABA7 /* Recipe_ListApp.swift */,
				24358F5929B40DB100A4ABA7 /* RecipeListView.swift */,
				24358F5B29B40DB300A4ABA7 /* Assets.xcassets */,
				24358F5D29B40DB300A4ABA7 /* Preview Content */,
			);
			path = "Recipe List";
			sourceTree = "<group>";
		};
		24358F5D29B40DB300A4ABA7 /* Preview Content */ = {
			isa = PBXGroup;
			children = (
				24358F5E29B40DB300A4ABA7 /* Preview Assets.xcassets */,
			);
			path = "Preview Content";
			sourceTree = "<group>";
		};
		24358F6529B40DF800A4ABA7 /* Views */ = {
			isa = PBXGroup;
			children = (
				244D245429BAA69E004C00BD /* RecipeTabView.swift */,
				2428B06029B65F1600551577 /* RecipeDetailView.swift */,
			);
			path = Views;
			sourceTree = "<group>";
		};
		24358F6629B40E0000A4ABA7 /* Models */ = {
			isa = PBXGroup;
			children = (
				24358F6C29B4100A00A4ABA7 /* Recipe.swift */,
			);
			path = Models;
			sourceTree = "<group>";
		};
		24358F6729B40E0700A4ABA7 /* Data */ = {
			isa = PBXGroup;
			children = (
				24358F6A29B40FA900A4ABA7 /* recipes.json */,
			);
			path = Data;
			sourceTree = "<group>";
		};
		24358F6829B40E1100A4ABA7 /* ViewModels */ = {
			isa = PBXGroup;
			children = (
				24358F6E29B414F700A4ABA7 /* RecipeModel.swift */,
			);
			path = ViewModels;
			sourceTree = "<group>";
		};
		24358F6929B40E1900A4ABA7 /* Services */ = {
			isa = PBXGroup;
			children = (
				2428B05629B4174E00551577 /* DataService.swift */,
			);
			path = Services;
			sourceTree = "<group>";
		};
/* End PBXGroup section */

/* Begin PBXNativeTarget section */
		24358F5329B40DB100A4ABA7 /* Recipe List */ = {
			isa = PBXNativeTarget;
			buildConfigurationList = 24358F6229B40DB300A4ABA7 /* Build configuration list for PBXNativeTarget "Recipe List" */;
			buildPhases = (
				24358F5029B40DB100A4ABA7 /* Sources */,
				24358F5129B40DB100A4ABA7 /* Frameworks */,
				24358F5229B40DB100A4ABA7 /* Resources */,
			);
			buildRules = (
			);
			dependencies = (
			);
			name = "Recipe List";
			productName = "Recipe List";
			productReference = 24358F5429B40DB100A4ABA7 /* Recipe List.app */;
			productType = "com.apple.product-type.application";
		};
/* End PBXNativeTarget section */

/* Begin PBXProject section */
		24358F4C29B40DB100A4ABA7 /* Project object */ = {
			isa = PBXProject;
			attributes = {
				BuildIndependentTargetsInParallel = 1;
				LastSwiftUpdateCheck = 1420;
				LastUpgradeCheck = 1420;
				TargetAttributes = {
					24358F5329B40DB100A4ABA7 = {
						CreatedOnToolsVersion = 14.2;
					};
				};
			};
			buildConfigurationList = 24358F4F29B40DB100A4ABA7 /* Build configuration list for PBXProject "Recipe List" */;
			compatibilityVersion = "Xcode 14.0";
			developmentRegion = en;
			hasScannedForEncodings = 0;
			knownRegions = (
				en,
				Base,
			);
			mainGroup = 24358F4B29B40DB100A4ABA7;
			productRefGroup = 24358F5529B40DB100A4ABA7 /* Products */;
			projectDirPath = "";
			projectRoot = "";
			targets = (
				24358F5329B40DB100A4ABA7 /* Recipe List */,
			);
		};
/* End PBXProject section */

/* Begin PBXResourcesBuildPhase section */
		24358F5229B40DB100A4ABA7 /* Resources */ = {
			isa = PBXResourcesBuildPhase;
			buildActionMask = 2147483647;
			files = (
				24358F5F29B40DB300A4ABA7 /* Preview Assets.xcassets in Resources */,
				24358F6B29B40FA900A4ABA7 /* recipes.json in Resources */,
				24358F5C29B40DB300A4ABA7 /* Assets.xcassets in Resources */,
			);
			runOnlyForDeploymentPostprocessing = 0;
		};
/* End PBXResourcesBuildPhase section */

/* Begin PBXSourcesBuildPhase section */
		24358F5029B40DB100A4ABA7 /* Sources */ = {
			isa = PBXSourcesBuildPhase;
			buildActionMask = 2147483647;
			files = (
				24358F6D29B4100A00A4ABA7 /* Recipe.swift in Sources */,
				2428B06129B65F1600551577 /* RecipeDetailView.swift in Sources */,
				24358F6F29B414F700A4ABA7 /* RecipeModel.swift in Sources */,
				24358F5A29B40DB100A4ABA7 /* RecipeListView.swift in Sources */,
				24358F5829B40DB100A4ABA7 /* Recipe_ListApp.swift in Sources */,
				2428B05729B4174E00551577 /* DataService.swift in Sources */,
				244D245529BAA69E004C00BD /* RecipeTabView.swift in Sources */,
			);
			runOnlyForDeploymentPostprocessing = 0;
		};
/* End PBXSourcesBuildPhase section */

/* Begin XCBuildConfiguration section */
		24358F6029B40DB300A4ABA7 /* Debug */ = {
			isa = XCBuildConfiguration;
			buildSettings = {
				ALWAYS_SEARCH_USER_PATHS = NO;
				CLANG_ANALYZER_NONNULL = YES;
				CLANG_ANALYZER_NUMBER_OBJECT_CONVERSION = YES_AGGRESSIVE;
				CLANG_CXX_LANGUAGE_STANDARD = "gnu++20";
				CLANG_ENABLE_MODULES = YES;
				CLANG_ENABLE_OBJC_ARC = YES;
				CLANG_ENABLE_OBJC_WEAK = YES;
				CLANG_WARN_BLOCK_CAPTURE_AUTORELEASING = YES;
				CLANG_WARN_BOOL_CONVERSION = YES;
				CLANG_WARN_COMMA = YES;
				CLANG_WARN_CONSTANT_CONVERSION = YES;
				CLANG_WARN_DEPRECATED_OBJC_IMPLEMENTATIONS = YES;
				CLANG_WARN_DIRECT_OBJC_ISA_USAGE = YES_ERROR;
				CLANG_WARN_DOCUMENTATION_COMMENTS = YES;
				CLANG_WARN_EMPTY_BODY = YES;
				CLANG_WARN_ENUM_CONVERSION = YES;
				CLANG_WARN_INFINITE_RECURSION = YES;
				CLANG_WARN_INT_CONVERSION = YES;
				CLANG_WARN_NON_LITERAL_NULL_CONVERSION = YES;
				CLANG_WARN_OBJC_IMPLICIT_RETAIN_SELF = YES;
				CLANG_WARN_OBJC_LITERAL_CONVERSION = YES;
				CLANG_WARN_OBJC_ROOT_CLASS = YES_ERROR;
				CLANG_WARN_QUOTED_INCLUDE_IN_FRAMEWORK_HEADER = YES;
				CLANG_WARN_RANGE_LOOP_ANALYSIS = YES;
				CLANG_WARN_STRICT_PROTOTYPES = YES;
				CLANG_WARN_SUSPICIOUS_MOVE = YES;
				CLANG_WARN_UNGUARDED_AVAILABILITY = YES_AGGRESSIVE;
				CLANG_WARN_UNREACHABLE_CODE = YES;
				CLANG_WARN__DUPLICATE_METHOD_MATCH = YES;
				COPY_PHASE_STRIP = NO;
				DEBUG_INFORMATION_FORMAT = dwarf;
				ENABLE_STRICT_OBJC_MSGSEND = YES;
				ENABLE_TESTABILITY = YES;
				GCC_C_LANGUAGE_STANDARD = gnu11;
				GCC_DYNAMIC_NO_PIC = NO;
				GCC_NO_COMMON_BLOCKS = YES;
				GCC_OPTIMIZATION_LEVEL = 0;
				GCC_PREPROCESSOR_DEFINITIONS = (
					"DEBUG=1",
					"$(inherited)",
				);
				GCC_WARN_64_TO_32_BIT_CONVERSION = YES;
				GCC_WARN_ABOUT_RETURN_TYPE = YES_ERROR;
				GCC_WARN_UNDECLARED_SELECTOR = YES;
				GCC_WARN_UNINITIALIZED_AUTOS = YES_AGGRESSIVE;
				GCC_WARN_UNUSED_FUNCTION = YES;
				GCC_WARN_UNUSED_VARIABLE = YES;
				IPHONEOS_DEPLOYMENT_TARGET = 16.2;
				MTL_ENABLE_DEBUG_INFO = INCLUDE_SOURCE;
				MTL_FAST_MATH = YES;
				ONLY_ACTIVE_ARCH = YES;
				SDKROOT = iphoneos;
				SWIFT_ACTIVE_COMPILATION_CONDITIONS = DEBUG;
				SWIFT_OPTIMIZATION_LEVEL = "-Onone";
			};
			name = Debug;
		};
		24358F6129B40DB300A4ABA7 /* Release */ = {
			isa = XCBuildConfiguration;
			buildSettings = {
				ALWAYS_SEARCH_USER_PATHS = NO;
				CLANG_ANALYZER_NONNULL = YES;
				CLANG_ANALYZER_NUMBER_OBJECT_CONVERSION = YES_AGGRESSIVE;
				CLANG_CXX_LANGUAGE_STANDARD = "gnu++20";
				CLANG_ENABLE_MODULES = YES;
				CLANG_ENABLE_OBJC_ARC = YES;
				CLANG_ENABLE_OBJC_WEAK = YES;
				CLANG_WARN_BLOCK_CAPTURE_AUTORELEASING = YES;
				CLANG_WARN_BOOL_CONVERSION = YES;
				CLANG_WARN_COMMA = YES;
				CLANG_WARN_CONSTANT_CONVERSION = YES;
				CLANG_WARN_DEPRECATED_OBJC_IMPLEMENTATIONS = YES;
				CLANG_WARN_DIRECT_OBJC_ISA_USAGE = YES_ERROR;
				CLANG_WARN_DOCUMENTATION_COMMENTS = YES;
				CLANG_WARN_EMPTY_BODY = YES;
				CLANG_WARN_ENUM_CONVERSION = YES;
				CLANG_WARN_INFINITE_RECURSION = YES;
				CLANG_WARN_INT_CONVERSION = YES;
				CLANG_WARN_NON_LITERAL_NULL_CONVERSION = YES;
				CLANG_WARN_OBJC_IMPLICIT_RETAIN_SELF = YES;
				CLANG_WARN_OBJC_LITERAL_CONVERSION = YES;
				CLANG_WARN_OBJC_ROOT_CLASS = YES_ERROR;
				CLANG_WARN_QUOTED_INCLUDE_IN_FRAMEWORK_HEADER = YES;
				CLANG_WARN_RANGE_LOOP_ANALYSIS = YES;
				CLANG_WARN_STRICT_PROTOTYPES = YES;
				CLANG_WARN_SUSPICIOUS_MOVE = YES;
				CLANG_WARN_UNGUARDED_AVAILABILITY = YES_AGGRESSIVE;
				CLANG_WARN_UNREACHABLE_CODE = YES;
				CLANG_WARN__DUPLICATE_METHOD_MATCH = YES;
				COPY_PHASE_STRIP = NO;
				DEBUG_INFORMATION_FORMAT = "dwarf-with-dsym";
				ENABLE_NS_ASSERTIONS = NO;
				ENABLE_STRICT_OBJC_MSGSEND = YES;
				GCC_C_LANGUAGE_STANDARD = gnu11;
				GCC_NO_COMMON_BLOCKS = YES;
				GCC_WARN_64_TO_32_BIT_CONVERSION = YES;
				GCC_WARN_ABOUT_RETURN_TYPE = YES_ERROR;
				GCC_WARN_UNDECLARED_SELECTOR = YES;
				GCC_WARN_UNINITIALIZED_AUTOS = YES_AGGRESSIVE;
				GCC_WARN_UNUSED_FUNCTION = YES;
				GCC_WARN_UNUSED_VARIABLE = YES;
				IPHONEOS_DEPLOYMENT_TARGET = 16.2;
				MTL_ENABLE_DEBUG_INFO = NO;
				MTL_FAST_MATH = YES;
				SDKROOT = iphoneos;
				SWIFT_COMPILATION_MODE = wholemodule;
				SWIFT_OPTIMIZATION_LEVEL = "-O";
				VALIDATE_PRODUCT = YES;
			};
			name = Release;
		};
		24358F6329B40DB300A4ABA7 /* Debug */ = {
			isa = XCBuildConfiguration;
			buildSettings = {
				ASSETCATALOG_COMPILER_APPICON_NAME = AppIcon;
				ASSETCATALOG_COMPILER_GLOBAL_ACCENT_COLOR_NAME = AccentColor;
				CODE_SIGN_STYLE = Automatic;
				CURRENT_PROJECT_VERSION = 1;
				DEVELOPMENT_ASSET_PATHS = "\"Recipe List/Preview Content\"";
				ENABLE_PREVIEWS = YES;
				GENERATE_INFOPLIST_FILE = YES;
				INFOPLIST_KEY_UIApplicationSceneManifest_Generation = YES;
				INFOPLIST_KEY_UIApplicationSupportsIndirectInputEvents = YES;
				INFOPLIST_KEY_UILaunchScreen_Generation = YES;
				INFOPLIST_KEY_UISupportedInterfaceOrientations_iPad = "UIInterfaceOrientationPortrait UIInterfaceOrientationPortraitUpsideDown UIInterfaceOrientationLandscapeLeft UIInterfaceOrientationLandscapeRight";
				INFOPLIST_KEY_UISupportedInterfaceOrientations_iPhone = "UIInterfaceOrientationPortrait UIInterfaceOrientationLandscapeLeft UIInterfaceOrientationLandscapeRight";
				LD_RUNPATH_SEARCH_PATHS = (
					"$(inherited)",
					"@executable_path/Frameworks",
				);
				MARKETING_VERSION = 1.0;
				PRODUCT_BUNDLE_IDENTIFIER = "com.pfernbach.Recipe-List";
				PRODUCT_NAME = "$(TARGET_NAME)";
				SWIFT_EMIT_LOC_STRINGS = YES;
				SWIFT_VERSION = 5.0;
				TARGETED_DEVICE_FAMILY = "1,2";
			};
			name = Debug;
		};
		24358F6429B40DB300A4ABA7 /* Release */ = {
			isa = XCBuildConfiguration;
			buildSettings = {
				ASSETCATALOG_COMPILER_APPICON_NAME = AppIcon;
				ASSETCATALOG_COMPILER_GLOBAL_ACCENT_COLOR_NAME = AccentColor;
				CODE_SIGN_STYLE = Automatic;
				CURRENT_PROJECT_VERSION = 1;
				DEVELOPMENT_ASSET_PATHS = "\"Recipe List/Preview Content\"";
				ENABLE_PREVIEWS = YES;
				GENERATE_INFOPLIST_FILE = YES;
				INFOPLIST_KEY_UIApplicationSceneManifest_Generation = YES;
				INFOPLIST_KEY_UIApplicationSupportsIndirectInputEvents = YES;
				INFOPLIST_KEY_UILaunchScreen_Generation = YES;
				INFOPLIST_KEY_UISupportedInterfaceOrientations_iPad = "UIInterfaceOrientationPortrait UIInterfaceOrientationPortraitUpsideDown UIInterfaceOrientationLandscapeLeft UIInterfaceOrientationLandscapeRight";
				INFOPLIST_KEY_UISupportedInterfaceOrientations_iPhone = "UIInterfaceOrientationPortrait UIInterfaceOrientationLandscapeLeft UIInterfaceOrientationLandscapeRight";
				LD_RUNPATH_SEARCH_PATHS = (
					"$(inherited)",
					"@executable_path/Frameworks",
				);
				MARKETING_VERSION = 1.0;
				PRODUCT_BUNDLE_IDENTIFIER = "com.pfernbach.Recipe-List";
				PRODUCT_NAME = "$(TARGET_NAME)";
				SWIFT_EMIT_LOC_STRINGS = YES;
				SWIFT_VERSION = 5.0;
				TARGETED_DEVICE_FAMILY = "1,2";
			};
			name = Release;
		};
/* End XCBuildConfiguration section */

/* Begin XCConfigurationList section */
		24358F4F29B40DB100A4ABA7 /* Build configuration list for PBXProject "Recipe List" */ = {
			isa = XCConfigurationList;
			buildConfigurations = (
				24358F6029B40DB300A4ABA7 /* Debug */,
				24358F6129B40DB300A4ABA7 /* Release */,
			);
			defaultConfigurationIsVisible = 0;
			defaultConfigurationName = Release;
		};
		24358F6229B40DB300A4ABA7 /* Build configuration list for PBXNativeTarget "Recipe List" */ = {
			isa = XCConfigurationList;
			buildConfigurations = (
				24358F6329B40DB300A4ABA7 /* Debug */,
				24358F6429B40DB300A4ABA7 /* Release */,
			);
			defaultConfigurationIsVisible = 0;
			defaultConfigurationName = Release;
		};
/* End XCConfigurationList section */
	};
	rootObject = 24358F4C29B40DB100A4ABA7 /* Project object */;
}
